<Solution>
  <Folder Name="/src/">
    <Project Path="src/HouseStuff.Api/HouseStuff.Api.csproj" />
    <Project Path="src/HouseStuff.Application/HouseStuff.Application.csproj" />
    <Project Path="src/HouseStuff.Domain/HouseStuff.Domain.csproj" />
    <Project Path="src/HouseStuff.Infrastructure/HouseStuff.Infrastructure.csproj" />
  </Folder>
  <Folder Name="/tests/">
    <Project Path="tests/HouseStuff.Api.UnitTests/HouseStuff.Api.UnitTests.csproj" />
    <Project Path="tests/HouseStuff.Application.UnitTests/HouseStuff.Application.UnitTests.csproj" />
    <Project Path="tests/HouseStuff.ArchitectureTests/HouseStuff.ArchitectureTests.csproj" />
    <Project Path="tests/HouseStuff.Domain.UnitTests/HouseStuff.Domain.UnitTests.csproj" />
    <Project Path="tests/HouseStuff.Infrastructure.UnitTests/HouseStuff.Infrastructure.UnitTests.csproj" />
    <Project Path="tests/HouseStuff.IntegrationTests/HouseStuff.IntegrationTests.csproj" />
  </Folder>
</Solution>
